
Microsoft Visual Studio Solution File, Format Version 12.00
# Visual Studio Version 16
VisualStudioVersion = 16.0.30413.136
MinimumVisualStudioVersion = 10.0.40219.1
Project("{FAE04EC0-301F-11D3-BF4B-00C04F79EFBC}") = "MemoryLife.WebApp", "MemoryLife.WebApp\MemoryLife.WebApp.csproj", "{D6858E9A-3C50-40D5-B8CA-623B91F67B02}"
EndProject
Global
	GlobalSection(SolutionConfigurationPlatforms) = preSolution
		Debug|Any CPU = Debug|Any CPU
		Release|Any CPU = Release|Any CPU
	EndGlobalSection
	GlobalSection(ProjectConfigurationPlatforms) = postSolution
		{D6858E9A-3C50-40D5-B8CA-623B91F67B02}.Debug|Any CPU.ActiveCfg = Debug|Any CPU
		{D6858E9A-3C50-40D5-B8CA-623B91F67B02}.Debug|Any CPU.Build.0 = Debug|Any CPU
		{D6858E9A-3C50-40D5-B8CA-623B91F67B02}.Release|Any CPU.ActiveCfg = Release|Any CPU
		{D6858E9A-3C50-40D5-B8CA-623B91F67B02}.Release|Any CPU.Build.0 = Release|Any CPU
	EndGlobalSection
	GlobalSection(SolutionProperties) = preSolution
		HideSolutionNode = FALSE
	EndGlobalSection
	GlobalSection(ExtensibilityGlobals) = postSolution
		SolutionGuid = {3EC53D96-4E55-4417-AD5F-2E53B32B0BFE}
	EndGlobalSection
EndGlobal
